
Microsoft Visual Studio Solution File, Format Version 12.00
# Visual Studio Version 17
VisualStudioVersion = 17.0.32014.148
MinimumVisualStudioVersion = 10.0.40219.1
Project("{FAE04EC0-301F-11D3-BF4B-00C04F79EFBC}") = "FileManager", "FileManager\FileManager.csproj", "{C95A0123-1863-4938-B354-514D9D70E467}"
EndProject
Global
	GlobalSection(SolutionConfigurationPlatforms) = preSolution
		Debug|Any CPU = Debug|Any CPU
		Release|Any CPU = Release|Any CPU
	EndGlobalSection
	GlobalSection(ProjectConfigurationPlatforms) = postSolution
		{C95A0123-1863-4938-B354-514D9D70E467}.Debug|Any CPU.ActiveCfg = Debug|Any CPU
		{C95A0123-1863-4938-B354-514D9D70E467}.Debug|Any CPU.Build.0 = Debug|Any CPU
		{C95A0123-1863-4938-B354-514D9D70E467}.Release|Any CPU.ActiveCfg = Release|Any CPU
		{C95A0123-1863-4938-B354-514D9D70E467}.Release|Any CPU.Build.0 = Release|Any CPU
	EndGlobalSection
	GlobalSection(SolutionProperties) = preSolution
		HideSolutionNode = FALSE
	EndGlobalSection
	GlobalSection(ExtensibilityGlobals) = postSolution
		SolutionGuid = {903E37CD-04FC-41B8-B525-E478464D14F0}
	EndGlobalSection
EndGlobal
